# This file is automatically @generated by Cargo.
# It is not intended for manual editing.
version = 4

[[package]]
name = "geleit-app"
version = "0.0.0"
dependencies = [
 "geleit-core",
 "geleit-engine",
]

[[package]]
name = "geleit-core"
version = "0.0.0"

[[package]]
name = "geleit-engine"
version = "0.0.0"
dependencies = [
 "geleit-core",
 "geleit-platform",
]

[[package]]
name = "geleit-platform"
version = "0.0.0"
